
Microsoft Visual Studio Solution File, Format Version 12.00
# Visual Studio Version 17
VisualStudioVersion = 17.11.35327.3
MinimumVisualStudioVersion = 10.0.40219.1
Project("{9A19103F-16F7-4668-BE54-9A1E7A4F7556}") = "dagiveta", "dagiveta\dagiveta.csproj", "{CE1A4CE8-BA9E-4AB6-80AB-245EC700FDF6}"
EndProject
Global
	GlobalSection(SolutionConfigurationPlatforms) = preSolution
		Debug|Any CPU = Debug|Any CPU
		Release|Any CPU = Release|Any CPU
	EndGlobalSection
	GlobalSection(ProjectConfigurationPlatforms) = postSolution
		{CE1A4CE8-BA9E-4AB6-80AB-245EC700FDF6}.Debug|Any CPU.ActiveCfg = Release|Any CPU
		{CE1A4CE8-BA9E-4AB6-80AB-245EC700FDF6}.Debug|Any CPU.Build.0 = Release|Any CPU
		{CE1A4CE8-BA9E-4AB6-80AB-245EC700FDF6}.Release|Any CPU.ActiveCfg = Release|Any CPU
		{CE1A4CE8-BA9E-4AB6-80AB-245EC700FDF6}.Release|Any CPU.Build.0 = Release|Any CPU
	EndGlobalSection
	GlobalSection(SolutionProperties) = preSolution
		HideSolutionNode = FALSE
	EndGlobalSection
	GlobalSection(ExtensibilityGlobals) = postSolution
		SolutionGuid = {C3A83931-3381-409F-9023-4BA9680CA613}
	EndGlobalSection
EndGlobal
